
Microsoft Visual Studio Solution File, Format Version 12.00
# Visual Studio 15
VisualStudioVersion = 15.0.28307.705
MinimumVisualStudioVersion = 10.0.40219.1
Project("{9A19103F-16F7-4668-BE54-9A1E7A4F7556}") = "WebApp.Backend", "WebApp\WebApp.Backend.csproj", "{E5080068-C903-429D-ADF5-E478081D1E1D}"
EndProject
Project("{00D1A9C2-B5F0-4AF3-8072-F6C62B433612}") = "WebApp.Database", "Web.Database\WebApp.Database.sqlproj", "{1BC7F563-26D1-46A1-BF4E-3E67D88380B1}"
EndProject
Project("{151D2E53-A2C4-4D7D-83FE-D05416EBD58E}") = "AzureResourceGroup2", "AzureResourceGroup2\AzureResourceGroup2.deployproj", "{DA7BEE7F-FE15-41FF-A278-BDFFFB462496}"
EndProject
Global
	GlobalSection(SolutionConfigurationPlatforms) = preSolution
		Debug|Any CPU = Debug|Any CPU
		Release|Any CPU = Release|Any CPU
	EndGlobalSection
	GlobalSection(ProjectConfigurationPlatforms) = postSolution
		{E5080068-C903-429D-ADF5-E478081D1E1D}.Debug|Any CPU.ActiveCfg = Debug|Any CPU
		{E5080068-C903-429D-ADF5-E478081D1E1D}.Debug|Any CPU.Build.0 = Debug|Any CPU
		{E5080068-C903-429D-ADF5-E478081D1E1D}.Release|Any CPU.ActiveCfg = Release|Any CPU
		{E5080068-C903-429D-ADF5-E478081D1E1D}.Release|Any CPU.Build.0 = Release|Any CPU
		{1BC7F563-26D1-46A1-BF4E-3E67D88380B1}.Debug|Any CPU.ActiveCfg = Debug|Any CPU
		{1BC7F563-26D1-46A1-BF4E-3E67D88380B1}.Debug|Any CPU.Build.0 = Debug|Any CPU
		{1BC7F563-26D1-46A1-BF4E-3E67D88380B1}.Debug|Any CPU.Deploy.0 = Debug|Any CPU
		{1BC7F563-26D1-46A1-BF4E-3E67D88380B1}.Release|Any CPU.ActiveCfg = Release|Any CPU
		{1BC7F563-26D1-46A1-BF4E-3E67D88380B1}.Release|Any CPU.Build.0 = Release|Any CPU
		{1BC7F563-26D1-46A1-BF4E-3E67D88380B1}.Release|Any CPU.Deploy.0 = Release|Any CPU
		{DA7BEE7F-FE15-41FF-A278-BDFFFB462496}.Debug|Any CPU.ActiveCfg = Debug|Any CPU
		{DA7BEE7F-FE15-41FF-A278-BDFFFB462496}.Debug|Any CPU.Build.0 = Debug|Any CPU
		{DA7BEE7F-FE15-41FF-A278-BDFFFB462496}.Release|Any CPU.ActiveCfg = Release|Any CPU
		{DA7BEE7F-FE15-41FF-A278-BDFFFB462496}.Release|Any CPU.Build.0 = Release|Any CPU
	EndGlobalSection
	GlobalSection(SolutionProperties) = preSolution
		HideSolutionNode = FALSE
	EndGlobalSection
	GlobalSection(ExtensibilityGlobals) = postSolution
		SolutionGuid = {801FA05B-C950-4F43-9D00-FF4525A366D0}
	EndGlobalSection
EndGlobal
