
Microsoft Visual Studio Solution File, Format Version 12.00
# Visual Studio 15
VisualStudioVersion = 15.0.28307.705
MinimumVisualStudioVersion = 10.0.40219.1
Project("{FAE04EC0-301F-11D3-BF4B-00C04F79EFBC}") = "WebApp", "WebApp\WebApp.csproj", "{E5080068-C903-429D-ADF5-E478081D1E1D}"
EndProject
Global
	GlobalSection(SolutionConfigurationPlatforms) = preSolution
		Debug|Any CPU = Debug|Any CPU
		Release|Any CPU = Release|Any CPU
	EndGlobalSection
	GlobalSection(ProjectConfigurationPlatforms) = postSolution
		{E5080068-C903-429D-ADF5-E478081D1E1D}.Debug|Any CPU.ActiveCfg = Debug|Any CPU
		{E5080068-C903-429D-ADF5-E478081D1E1D}.Debug|Any CPU.Build.0 = Debug|Any CPU
		{E5080068-C903-429D-ADF5-E478081D1E1D}.Release|Any CPU.ActiveCfg = Release|Any CPU
		{E5080068-C903-429D-ADF5-E478081D1E1D}.Release|Any CPU.Build.0 = Release|Any CPU
	EndGlobalSection
	GlobalSection(SolutionProperties) = preSolution
		HideSolutionNode = FALSE
	EndGlobalSection
	GlobalSection(ExtensibilityGlobals) = postSolution
		SolutionGuid = {801FA05B-C950-4F43-9D00-FF4525A366D0}
	EndGlobalSection
EndGlobal
